
Microsoft Visual Studio Solution File, Format Version 12.00
Project("{FAE04EC0-301F-11D3-BF4B-00C04F79EFBC}") = "SmellyCatServer", "SmellyCatServer.csproj", "{9DE1595C-5BFD-4DF8-ABE4-3BDF4C45BDCA}"
EndProject
Global
	GlobalSection(SolutionConfigurationPlatforms) = preSolution
		Debug|Any CPU = Debug|Any CPU
		Release|Any CPU = Release|Any CPU
	EndGlobalSection
	GlobalSection(ProjectConfigurationPlatforms) = postSolution
		{9DE1595C-5BFD-4DF8-ABE4-3BDF4C45BDCA}.Debug|Any CPU.ActiveCfg = Debug|Any CPU
		{9DE1595C-5BFD-4DF8-ABE4-3BDF4C45BDCA}.Debug|Any CPU.Build.0 = Debug|Any CPU
		{9DE1595C-5BFD-4DF8-ABE4-3BDF4C45BDCA}.Release|Any CPU.ActiveCfg = Release|Any CPU
		{9DE1595C-5BFD-4DF8-ABE4-3BDF4C45BDCA}.Release|Any CPU.Build.0 = Release|Any CPU
	EndGlobalSection
EndGlobal
